
Microsoft Visual Studio Solution File, Format Version 12.00
# Visual Studio Version 16
VisualStudioVersion = 16.0.31205.134
MinimumVisualStudioVersion = 10.0.40219.1
Project("{FAE04EC0-301F-11D3-BF4B-00C04F79EFBC}") = "SetFileCreationTime", "SetFileCreationTime.csproj", "{7E107521-0138-4241-90A6-6DDB8C2C470D}"
EndProject
Global
	GlobalSection(SolutionConfigurationPlatforms) = preSolution
		Debug|Any CPU = Debug|Any CPU
		Release|Any CPU = Release|Any CPU
	EndGlobalSection
	GlobalSection(ProjectConfigurationPlatforms) = postSolution
		{7E107521-0138-4241-90A6-6DDB8C2C470D}.Debug|Any CPU.ActiveCfg = Debug|Any CPU
		{7E107521-0138-4241-90A6-6DDB8C2C470D}.Debug|Any CPU.Build.0 = Debug|Any CPU
		{7E107521-0138-4241-90A6-6DDB8C2C470D}.Release|Any CPU.ActiveCfg = Release|Any CPU
		{7E107521-0138-4241-90A6-6DDB8C2C470D}.Release|Any CPU.Build.0 = Release|Any CPU
	EndGlobalSection
	GlobalSection(SolutionProperties) = preSolution
		HideSolutionNode = FALSE
	EndGlobalSection
	GlobalSection(ExtensibilityGlobals) = postSolution
		SolutionGuid = {5317ECCD-0539-4B9B-B3B2-0EAAC425DB7C}
	EndGlobalSection
EndGlobal
